
Microsoft Visual Studio Solution File, Format Version 12.00
# Visual Studio Version 16
VisualStudioVersion = 25.0.1704.4
MinimumVisualStudioVersion = 10.0.40219.1
Project("{FAE04EC0-301F-11D3-BF4B-00C04F79EFBC}") = "week04", "week04\week04.csproj", "{B4D548B9-B2E8-4BB3-B6CD-A6BE443BBB5A}"
EndProject
Project("{FAE04EC0-301F-11D3-BF4B-00C04F79EFBC}") = "Complex", "Complex\Complex.csproj", "{04777D95-578C-4E09-90C5-1DC61175F35C}"
EndProject
Project("{FAE04EC0-301F-11D3-BF4B-00C04F79EFBC}") = "Atom", "Atom\Atom.csproj", "{11EA852D-1258-4362-8E49-7A45A4C178B4}"
EndProject
Global
	GlobalSection(SolutionConfigurationPlatforms) = preSolution
		Debug|Any CPU = Debug|Any CPU
		Release|Any CPU = Release|Any CPU
	EndGlobalSection
	GlobalSection(ProjectConfigurationPlatforms) = postSolution
		{B4D548B9-B2E8-4BB3-B6CD-A6BE443BBB5A}.Debug|Any CPU.ActiveCfg = Debug|Any CPU
		{B4D548B9-B2E8-4BB3-B6CD-A6BE443BBB5A}.Debug|Any CPU.Build.0 = Debug|Any CPU
		{B4D548B9-B2E8-4BB3-B6CD-A6BE443BBB5A}.Release|Any CPU.ActiveCfg = Release|Any CPU
		{B4D548B9-B2E8-4BB3-B6CD-A6BE443BBB5A}.Release|Any CPU.Build.0 = Release|Any CPU
		{04777D95-578C-4E09-90C5-1DC61175F35C}.Debug|Any CPU.ActiveCfg = Debug|Any CPU
		{04777D95-578C-4E09-90C5-1DC61175F35C}.Debug|Any CPU.Build.0 = Debug|Any CPU
		{04777D95-578C-4E09-90C5-1DC61175F35C}.Release|Any CPU.ActiveCfg = Release|Any CPU
		{04777D95-578C-4E09-90C5-1DC61175F35C}.Release|Any CPU.Build.0 = Release|Any CPU
		{11EA852D-1258-4362-8E49-7A45A4C178B4}.Debug|Any CPU.ActiveCfg = Debug|Any CPU
		{11EA852D-1258-4362-8E49-7A45A4C178B4}.Debug|Any CPU.Build.0 = Debug|Any CPU
		{11EA852D-1258-4362-8E49-7A45A4C178B4}.Release|Any CPU.ActiveCfg = Release|Any CPU
		{11EA852D-1258-4362-8E49-7A45A4C178B4}.Release|Any CPU.Build.0 = Release|Any CPU
	EndGlobalSection
	GlobalSection(SolutionProperties) = preSolution
		HideSolutionNode = FALSE
	EndGlobalSection
	GlobalSection(ExtensibilityGlobals) = postSolution
		SolutionGuid = {838D4F08-731F-4D7B-BD26-EFB21BE96A93}
	EndGlobalSection
EndGlobal
