
Microsoft Visual Studio Solution File, Format Version 12.00
# Visual Studio Version 16
VisualStudioVersion = 25.0.1705.3
MinimumVisualStudioVersion = 10.0.40219.1
Project("{FAE04EC0-301F-11D3-BF4B-00C04F79EFBC}") = "lab10_mac", "lab10_mac\lab10_mac.csproj", "{9E4B5585-B977-4CC1-A623-5A833A980376}"
EndProject
Global
	GlobalSection(SolutionConfigurationPlatforms) = preSolution
		Debug|Any CPU = Debug|Any CPU
		Release|Any CPU = Release|Any CPU
	EndGlobalSection
	GlobalSection(ProjectConfigurationPlatforms) = postSolution
		{9E4B5585-B977-4CC1-A623-5A833A980376}.Debug|Any CPU.ActiveCfg = Debug|Any CPU
		{9E4B5585-B977-4CC1-A623-5A833A980376}.Debug|Any CPU.Build.0 = Debug|Any CPU
		{9E4B5585-B977-4CC1-A623-5A833A980376}.Release|Any CPU.ActiveCfg = Release|Any CPU
		{9E4B5585-B977-4CC1-A623-5A833A980376}.Release|Any CPU.Build.0 = Release|Any CPU
	EndGlobalSection
	GlobalSection(SolutionProperties) = preSolution
		HideSolutionNode = FALSE
	EndGlobalSection
	GlobalSection(ExtensibilityGlobals) = postSolution
		SolutionGuid = {C4960716-8232-4D20-A0E8-DE2C6E729E41}
	EndGlobalSection
EndGlobal
