
Microsoft Visual Studio Solution File, Format Version 12.00
# Visual Studio Version 16
VisualStudioVersion = 25.0.1705.2
MinimumVisualStudioVersion = 10.0.40219.1
Project("{FAE04EC0-301F-11D3-BF4B-00C04F79EFBC}") = "week09", "week09\week09.csproj", "{049C0A65-3C7B-4D4A-8029-BC3AF7BBB4C3}"
EndProject
Project("{FAE04EC0-301F-11D3-BF4B-00C04F79EFBC}") = "Account", "Account\Account.csproj", "{46C9AD84-240D-46A9-BF24-0D18BF46C71C}"
EndProject
Project("{FAE04EC0-301F-11D3-BF4B-00C04F79EFBC}") = "selene", "selene\selene.csproj", "{52A25EE2-E2B2-4DBF-AC59-D24ACB0B106A}"
EndProject
Global
	GlobalSection(SolutionConfigurationPlatforms) = preSolution
		Debug|Any CPU = Debug|Any CPU
		Release|Any CPU = Release|Any CPU
	EndGlobalSection
	GlobalSection(ProjectConfigurationPlatforms) = postSolution
		{049C0A65-3C7B-4D4A-8029-BC3AF7BBB4C3}.Debug|Any CPU.ActiveCfg = Debug|Any CPU
		{049C0A65-3C7B-4D4A-8029-BC3AF7BBB4C3}.Debug|Any CPU.Build.0 = Debug|Any CPU
		{049C0A65-3C7B-4D4A-8029-BC3AF7BBB4C3}.Release|Any CPU.ActiveCfg = Release|Any CPU
		{049C0A65-3C7B-4D4A-8029-BC3AF7BBB4C3}.Release|Any CPU.Build.0 = Release|Any CPU
		{46C9AD84-240D-46A9-BF24-0D18BF46C71C}.Debug|Any CPU.ActiveCfg = Debug|Any CPU
		{46C9AD84-240D-46A9-BF24-0D18BF46C71C}.Debug|Any CPU.Build.0 = Debug|Any CPU
		{46C9AD84-240D-46A9-BF24-0D18BF46C71C}.Release|Any CPU.ActiveCfg = Release|Any CPU
		{46C9AD84-240D-46A9-BF24-0D18BF46C71C}.Release|Any CPU.Build.0 = Release|Any CPU
		{52A25EE2-E2B2-4DBF-AC59-D24ACB0B106A}.Debug|Any CPU.ActiveCfg = Debug|Any CPU
		{52A25EE2-E2B2-4DBF-AC59-D24ACB0B106A}.Debug|Any CPU.Build.0 = Debug|Any CPU
		{52A25EE2-E2B2-4DBF-AC59-D24ACB0B106A}.Release|Any CPU.ActiveCfg = Release|Any CPU
		{52A25EE2-E2B2-4DBF-AC59-D24ACB0B106A}.Release|Any CPU.Build.0 = Release|Any CPU
	EndGlobalSection
	GlobalSection(SolutionProperties) = preSolution
		HideSolutionNode = FALSE
	EndGlobalSection
	GlobalSection(ExtensibilityGlobals) = postSolution
		SolutionGuid = {F4DC985D-212E-478E-9818-0B4991198DC4}
	EndGlobalSection
EndGlobal
